
Microsoft Visual Studio Solution File, Format Version 12.00
Project("{FAE04EC0-301F-11D3-BF4B-00C04F79EFBC}") = "VieeExtractor", "VieeExtractor\VieeExtractor.csproj", "{F7CF3F2A-1EBF-46A8-A68F-F29722A3B325}"
EndProject
Global
	GlobalSection(SolutionConfigurationPlatforms) = preSolution
		Debug|Any CPU = Debug|Any CPU
		Release|Any CPU = Release|Any CPU
	EndGlobalSection
	GlobalSection(ProjectConfigurationPlatforms) = postSolution
		{F7CF3F2A-1EBF-46A8-A68F-F29722A3B325}.Debug|Any CPU.ActiveCfg = Debug|Any CPU
		{F7CF3F2A-1EBF-46A8-A68F-F29722A3B325}.Debug|Any CPU.Build.0 = Debug|Any CPU
		{F7CF3F2A-1EBF-46A8-A68F-F29722A3B325}.Release|Any CPU.ActiveCfg = Release|Any CPU
		{F7CF3F2A-1EBF-46A8-A68F-F29722A3B325}.Release|Any CPU.Build.0 = Release|Any CPU
	EndGlobalSection
EndGlobal
